
Microsoft Visual Studio Solution File, Format Version 12.00
# Visual Studio Version 17
VisualStudioVersion = 17.12.35506.116
MinimumVisualStudioVersion = 10.0.40219.1
Project("{FAE04EC0-301F-11D3-BF4B-00C04F79EFBC}") = "StockTrader.ApiGateway", "StockTrader.ApiGateway\StockTrader.ApiGateway.csproj", "{45975CF5-B64B-4598-8308-C793C64BAC0F}"
EndProject
Project("{FAE04EC0-301F-11D3-BF4B-00C04F79EFBC}") = "StockTrader.Orders", "StockTrader.Orders\StockTrader.Orders.csproj", "{26A249FE-D88A-431A-B0D3-FB039382C421}"
EndProject
Project("{FAE04EC0-301F-11D3-BF4B-00C04F79EFBC}") = "StockTrader.Portfolios", "StockTrader.Portfolios\StockTrader.Portfolios.csproj", "{9A45A522-17B7-4C8B-B622-4C897A1CD3BE}"
EndProject
Project("{FAE04EC0-301F-11D3-BF4B-00C04F79EFBC}") = "StockTrader.Utils", "StockTrader.Infrastructure\StockTrader.Utils.csproj", "{2F794884-2A20-465B-8F25-73619C089E7A}"
EndProject
Project("{FAE04EC0-301F-11D3-BF4B-00C04F79EFBC}") = "StockTrader.Prices", "StockTrader.Prices\StockTrader.Prices.csproj", "{28F91FFC-E1F0-4ED6-83D3-57F2DE099F58}"
EndProject
Global
	GlobalSection(SolutionConfigurationPlatforms) = preSolution
		Debug|Any CPU = Debug|Any CPU
		Release|Any CPU = Release|Any CPU
	EndGlobalSection
	GlobalSection(ProjectConfigurationPlatforms) = postSolution
		{45975CF5-B64B-4598-8308-C793C64BAC0F}.Debug|Any CPU.ActiveCfg = Debug|Any CPU
		{45975CF5-B64B-4598-8308-C793C64BAC0F}.Debug|Any CPU.Build.0 = Debug|Any CPU
		{45975CF5-B64B-4598-8308-C793C64BAC0F}.Release|Any CPU.ActiveCfg = Release|Any CPU
		{45975CF5-B64B-4598-8308-C793C64BAC0F}.Release|Any CPU.Build.0 = Release|Any CPU
		{26A249FE-D88A-431A-B0D3-FB039382C421}.Debug|Any CPU.ActiveCfg = Debug|Any CPU
		{26A249FE-D88A-431A-B0D3-FB039382C421}.Debug|Any CPU.Build.0 = Debug|Any CPU
		{26A249FE-D88A-431A-B0D3-FB039382C421}.Release|Any CPU.ActiveCfg = Release|Any CPU
		{26A249FE-D88A-431A-B0D3-FB039382C421}.Release|Any CPU.Build.0 = Release|Any CPU
		{9A45A522-17B7-4C8B-B622-4C897A1CD3BE}.Debug|Any CPU.ActiveCfg = Debug|Any CPU
		{9A45A522-17B7-4C8B-B622-4C897A1CD3BE}.Debug|Any CPU.Build.0 = Debug|Any CPU
		{9A45A522-17B7-4C8B-B622-4C897A1CD3BE}.Release|Any CPU.ActiveCfg = Release|Any CPU
		{9A45A522-17B7-4C8B-B622-4C897A1CD3BE}.Release|Any CPU.Build.0 = Release|Any CPU
		{2F794884-2A20-465B-8F25-73619C089E7A}.Debug|Any CPU.ActiveCfg = Debug|Any CPU
		{2F794884-2A20-465B-8F25-73619C089E7A}.Debug|Any CPU.Build.0 = Debug|Any CPU
		{2F794884-2A20-465B-8F25-73619C089E7A}.Release|Any CPU.ActiveCfg = Release|Any CPU
		{2F794884-2A20-465B-8F25-73619C089E7A}.Release|Any CPU.Build.0 = Release|Any CPU
		{28F91FFC-E1F0-4ED6-83D3-57F2DE099F58}.Debug|Any CPU.ActiveCfg = Debug|Any CPU
		{28F91FFC-E1F0-4ED6-83D3-57F2DE099F58}.Debug|Any CPU.Build.0 = Debug|Any CPU
		{28F91FFC-E1F0-4ED6-83D3-57F2DE099F58}.Release|Any CPU.ActiveCfg = Release|Any CPU
		{28F91FFC-E1F0-4ED6-83D3-57F2DE099F58}.Release|Any CPU.Build.0 = Release|Any CPU
	EndGlobalSection
	GlobalSection(SolutionProperties) = preSolution
		HideSolutionNode = FALSE
	EndGlobalSection
EndGlobal
